
Microsoft Visual Studio Solution File, Format Version 12.00
# Visual Studio Version 17
VisualStudioVersion = 17.13.35825.156 d17.13
MinimumVisualStudioVersion = 10.0.40219.1
Project("{FAE04EC0-301F-11D3-BF4B-00C04F79EFBC}") = "web_Tramites_OnLine", "web_Tramites_OnLine\web_Tramites_OnLine.csproj", "{ED12DB91-A4D6-4AB7-BC99-8B09FD660D56}"
EndProject
Global
	GlobalSection(SolutionConfigurationPlatforms) = preSolution
		Debug|Any CPU = Debug|Any CPU
		Release|Any CPU = Release|Any CPU
	EndGlobalSection
	GlobalSection(ProjectConfigurationPlatforms) = postSolution
		{ED12DB91-A4D6-4AB7-BC99-8B09FD660D56}.Debug|Any CPU.ActiveCfg = Debug|Any CPU
		{ED12DB91-A4D6-4AB7-BC99-8B09FD660D56}.Debug|Any CPU.Build.0 = Debug|Any CPU
		{ED12DB91-A4D6-4AB7-BC99-8B09FD660D56}.Release|Any CPU.ActiveCfg = Release|Any CPU
		{ED12DB91-A4D6-4AB7-BC99-8B09FD660D56}.Release|Any CPU.Build.0 = Release|Any CPU
	EndGlobalSection
	GlobalSection(SolutionProperties) = preSolution
		HideSolutionNode = FALSE
	EndGlobalSection
	GlobalSection(ExtensibilityGlobals) = postSolution
		SolutionGuid = {08B4D98B-38BD-42A7-95A1-CB36F0E9BE10}
	EndGlobalSection
EndGlobal
